
Microsoft Visual Studio Solution File, Format Version 12.00
# Visual Studio Version 17
VisualStudioVersion = 17.10.35122.118
MinimumVisualStudioVersion = 10.0.40219.1
Project("{FAE04EC0-301F-11D3-BF4B-00C04F79EFBC}") = "Codeshef", "Codeshef\Codeshef.csproj", "{A10188E5-8F02-4594-A63F-9916050A8F0E}"
EndProject
Global
	GlobalSection(SolutionConfigurationPlatforms) = preSolution
		Debug|Any CPU = Debug|Any CPU
		Release|Any CPU = Release|Any CPU
	EndGlobalSection
	GlobalSection(ProjectConfigurationPlatforms) = postSolution
		{A10188E5-8F02-4594-A63F-9916050A8F0E}.Debug|Any CPU.ActiveCfg = Debug|Any CPU
		{A10188E5-8F02-4594-A63F-9916050A8F0E}.Debug|Any CPU.Build.0 = Debug|Any CPU
		{A10188E5-8F02-4594-A63F-9916050A8F0E}.Release|Any CPU.ActiveCfg = Release|Any CPU
		{A10188E5-8F02-4594-A63F-9916050A8F0E}.Release|Any CPU.Build.0 = Release|Any CPU
	EndGlobalSection
	GlobalSection(SolutionProperties) = preSolution
		HideSolutionNode = FALSE
	EndGlobalSection
	GlobalSection(ExtensibilityGlobals) = postSolution
		SolutionGuid = {B530C362-5536-4AAE-A64E-69BFC090C78B}
	EndGlobalSection
EndGlobal
